// !$*UTF8*$!
{
	archiveVersion = 1;
	classes = {
	};
	objectVersion = 46;
	objects = {

/* Begin PBXBuildFile section */
		57DFCCDA1E69DAF7001BEC8E /* Assets.xcassets in Resources */ = {isa = PBXBuildFile; fileRef = 57DFCCD91E69DAF7001BEC8E /* Assets.xcassets */; };
		57DFCCE11E69DAF8001BEC8E /* MessagesExtension.appex in Embed App Extensions */ = {isa = PBXBuildFile; fileRef = 57DFCCE01E69DAF8001BEC8E /* MessagesExtension.appex */; settings = {ATTRIBUTES = (RemoveHeadersOnCopy, ); }; };
		57DFCCE61E69DAF8001BEC8E /* Messages.framework in Frameworks */ = {isa = PBXBuildFile; fileRef = 57DFCCE51E69DAF8001BEC8E /* Messages.framework */; };
		57DFCCE91E69DAF8001BEC8E /* MessagesViewController.swift in Sources */ = {isa = PBXBuildFile; fileRef = 57DFCCE81E69DAF8001BEC8E /* MessagesViewController.swift */; };
		57DFCCEC1E69DAF8001BEC8E /* MainInterface.storyboard in Resources */ = {isa = PBXBuildFile; fileRef = 57DFCCEA1E69DAF8001BEC8E /* MainInterface.storyboard */; };
		57DFCCEE1E69DAF8001BEC8E /* Assets.xcassets in Resources */ = {isa = PBXBuildFile; fileRef = 57DFCCED1E69DAF8001BEC8E /* Assets.xcassets */; };
		57DFCCFA1E69E24C001BEC8E /* AnaSolStickerBrowserViewController.swift in Sources */ = {isa = PBXBuildFile; fileRef = 57DFCCF91E69E24C001BEC8E /* AnaSolStickerBrowserViewController.swift */; };
		57DFCD081E69E6F9001BEC8E /* Banana.png in Resources */ = {isa = PBXBuildFile; fileRef = 57DFCCFC1E69E6F9001BEC8E /* Banana.png */; };
		57DFCD091E69E6F9001BEC8E /* ChocolateBanana.png in Resources */ = {isa = PBXBuildFile; fileRef = 57DFCCFD1E69E6F9001BEC8E /* ChocolateBanana.png */; };
		57DFCD0A1E69E6F9001BEC8E /* ChocolateMelon.png in Resources */ = {isa = PBXBuildFile; fileRef = 57DFCCFE1E69E6F9001BEC8E /* ChocolateMelon.png */; };
		57DFCD0B1E69E6F9001BEC8E /* ChocolatePineapple.png in Resources */ = {isa = PBXBuildFile; fileRef = 57DFCCFF1E69E6F9001BEC8E /* ChocolatePineapple.png */; };
		57DFCD0C1E69E6F9001BEC8E /* ChocolateStrawberry.png in Resources */ = {isa = PBXBuildFile; fileRef = 57DFCD001E69E6F9001BEC8E /* ChocolateStrawberry.png */; };
		57DFCD0D1E69E6F9001BEC8E /* Ginger.png in Resources */ = {isa = PBXBuildFile; fileRef = 57DFCD011E69E6F9001BEC8E /* Ginger.png */; };
		57DFCD0E1E69E6F9001BEC8E /* Kiwi.png in Resources */ = {isa = PBXBuildFile; fileRef = 57DFCD021E69E6F9001BEC8E /* Kiwi.png */; };
		57DFCD0F1E69E6F9001BEC8E /* Lemon.png in Resources */ = {isa = PBXBuildFile; fileRef = 57DFCD031E69E6F9001BEC8E /* Lemon.png */; };
		57DFCD101E69E6F9001BEC8E /* Melon.png in Resources */ = {isa = PBXBuildFile; fileRef = 57DFCD041E69E6F9001BEC8E /* Melon.png */; };
		57DFCD111E69E6F9001BEC8E /* Orange.png in Resources */ = {isa = PBXBuildFile; fileRef = 57DFCD051E69E6F9001BEC8E /* Orange.png */; };
		57DFCD121E69E6F9001BEC8E /* Pineapple.png in Resources */ = {isa = PBXBuildFile; fileRef = 57DFCD061E69E6F9001BEC8E /* Pineapple.png */; };
		57DFCD131E69E6F9001BEC8E /* Strawberry.png in Resources */ = {isa = PBXBuildFile; fileRef = 57DFCD071E69E6F9001BEC8E /* Strawberry.png */; };
/* End PBXBuildFile section */

/* Begin PBXContainerItemProxy section */
		57DFCCE21E69DAF8001BEC8E /* PBXContainerItemProxy */ = {
			isa = PBXContainerItemProxy;
			containerPortal = 57DFCCD01E69DAF7001BEC8E /* Project object */;
			proxyType = 1;
			remoteGlobalIDString = 57DFCCDF1E69DAF8001BEC8E;
			remoteInfo = MessagesExtension;
		};
/* End PBXContainerItemProxy section */

/* Begin PBXCopyFilesBuildPhase section */
		57DFCCF51E69DAF8001BEC8E /* Embed App Extensions */ = {
			isa = PBXCopyFilesBuildPhase;
			buildActionMask = 2147483647;
			dstPath = "";
			dstSubfolderSpec = 13;
			files = (
				57DFCCE11E69DAF8001BEC8E /* MessagesExtension.appex in Embed App Extensions */,
			);
			name = "Embed App Extensions";
			runOnlyForDeploymentPostprocessing = 0;
		};
/* End PBXCopyFilesBuildPhase section */

/* Begin PBXFileReference section */
		57DFCCD61E69DAF7001BEC8E /* AnaSolStickerApp.app */ = {isa = PBXFileReference; explicitFileType = wrapper.application; includeInIndex = 0; path = AnaSolStickerApp.app; sourceTree = BUILT_PRODUCTS_DIR; };
		57DFCCD91E69DAF7001BEC8E /* Assets.xcassets */ = {isa = PBXFileReference; lastKnownFileType = folder.assetcatalog; path = Assets.xcassets; sourceTree = "<group>"; };
		57DFCCDB1E69DAF7001BEC8E /* Info.plist */ = {isa = PBXFileReference; lastKnownFileType = text.plist.xml; path = Info.plist; sourceTree = "<group>"; };
		57DFCCE01E69DAF8001BEC8E /* MessagesExtension.appex */ = {isa = PBXFileReference; explicitFileType = "wrapper.app-extension"; includeInIndex = 0; path = MessagesExtension.appex; sourceTree = BUILT_PRODUCTS_DIR; };
		57DFCCE51E69DAF8001BEC8E /* Messages.framework */ = {isa = PBXFileReference; lastKnownFileType = wrapper.framework; name = Messages.framework; path = System/Library/Frameworks/Messages.framework; sourceTree = SDKROOT; };
		57DFCCE81E69DAF8001BEC8E /* MessagesViewController.swift */ = {isa = PBXFileReference; lastKnownFileType = sourcecode.swift; path = MessagesViewController.swift; sourceTree = "<group>"; };
		57DFCCEB1E69DAF8001BEC8E /* Base */ = {isa = PBXFileReference; lastKnownFileType = file.storyboard; name = Base; path = Base.lproj/MainInterface.storyboard; sourceTree = "<group>"; };
		57DFCCED1E69DAF8001BEC8E /* Assets.xcassets */ = {isa = PBXFileReference; lastKnownFileType = folder.assetcatalog; path = Assets.xcassets; sourceTree = "<group>"; };
		57DFCCEF1E69DAF8001BEC8E /* Info.plist */ = {isa = PBXFileReference; lastKnownFileType = text.plist.xml; path = Info.plist; sourceTree = "<group>"; };
		57DFCCF91E69E24C001BEC8E /* AnaSolStickerBrowserViewController.swift */ = {isa = PBXFileReference; fileEncoding = 4; lastKnownFileType = sourcecode.swift; path = AnaSolStickerBrowserViewController.swift; sourceTree = "<group>"; };
		57DFCCFC1E69E6F9001BEC8E /* Banana.png */ = {isa = PBXFileReference; lastKnownFileType = image.png; path = Banana.png; sourceTree = "<group>"; };
		57DFCCFD1E69E6F9001BEC8E /* ChocolateBanana.png */ = {isa = PBXFileReference; lastKnownFileType = image.png; path = ChocolateBanana.png; sourceTree = "<group>"; };
		57DFCCFE1E69E6F9001BEC8E /* ChocolateMelon.png */ = {isa = PBXFileReference; lastKnownFileType = image.png; path = ChocolateMelon.png; sourceTree = "<group>"; };
		57DFCCFF1E69E6F9001BEC8E /* ChocolatePineapple.png */ = {isa = PBXFileReference; lastKnownFileType = image.png; path = ChocolatePineapple.png; sourceTree = "<group>"; };
		57DFCD001E69E6F9001BEC8E /* ChocolateStrawberry.png */ = {isa = PBXFileReference; lastKnownFileType = image.png; path = ChocolateStrawberry.png; sourceTree = "<group>"; };
		57DFCD011E69E6F9001BEC8E /* Ginger.png */ = {isa = PBXFileReference; lastKnownFileType = image.png; path = Ginger.png; sourceTree = "<group>"; };
		57DFCD021E69E6F9001BEC8E /* Kiwi.png */ = {isa = PBXFileReference; lastKnownFileType = image.png; path = Kiwi.png; sourceTree = "<group>"; };
		57DFCD031E69E6F9001BEC8E /* Lemon.png */ = {isa = PBXFileReference; lastKnownFileType = image.png; path = Lemon.png; sourceTree = "<group>"; };
		57DFCD041E69E6F9001BEC8E /* Melon.png */ = {isa = PBXFileReference; lastKnownFileType = image.png; path = Melon.png; sourceTree = "<group>"; };
		57DFCD051E69E6F9001BEC8E /* Orange.png */ = {isa = PBXFileReference; lastKnownFileType = image.png; path = Orange.png; sourceTree = "<group>"; };
		57DFCD061E69E6F9001BEC8E /* Pineapple.png */ = {isa = PBXFileReference; lastKnownFileType = image.png; path = Pineapple.png; sourceTree = "<group>"; };
		57DFCD071E69E6F9001BEC8E /* Strawberry.png */ = {isa = PBXFileReference; lastKnownFileType = image.png; path = Strawberry.png; sourceTree = "<group>"; };
/* End PBXFileReference section */

/* Begin PBXFrameworksBuildPhase section */
		57DFCCDD1E69DAF8001BEC8E /* Frameworks */ = {
			isa = PBXFrameworksBuildPhase;
			buildActionMask = 2147483647;
			files = (
				57DFCCE61E69DAF8001BEC8E /* Messages.framework in Frameworks */,
			);
			runOnlyForDeploymentPostprocessing = 0;
		};
/* End PBXFrameworksBuildPhase section */

/* Begin PBXGroup section */
		57DFCCCF1E69DAF7001BEC8E = {
			isa = PBXGroup;
			children = (
				57DFCCD81E69DAF7001BEC8E /* AnaSolStickerApp */,
				57DFCCE71E69DAF8001BEC8E /* MessagesExtension */,
				57DFCCE41E69DAF8001BEC8E /* Frameworks */,
				57DFCCD71E69DAF7001BEC8E /* Products */,
			);
			sourceTree = "<group>";
		};
		57DFCCD71E69DAF7001BEC8E /* Products */ = {
			isa = PBXGroup;
			children = (
				57DFCCD61E69DAF7001BEC8E /* AnaSolStickerApp.app */,
				57DFCCE01E69DAF8001BEC8E /* MessagesExtension.appex */,
			);
			name = Products;
			sourceTree = "<group>";
		};
		57DFCCD81E69DAF7001BEC8E /* AnaSolStickerApp */ = {
			isa = PBXGroup;
			children = (
				57DFCCD91E69DAF7001BEC8E /* Assets.xcassets */,
				57DFCCDB1E69DAF7001BEC8E /* Info.plist */,
			);
			path = AnaSolStickerApp;
			sourceTree = "<group>";
		};
		57DFCCE41E69DAF8001BEC8E /* Frameworks */ = {
			isa = PBXGroup;
			children = (
				57DFCCE51E69DAF8001BEC8E /* Messages.framework */,
			);
			name = Frameworks;
			sourceTree = "<group>";
		};
		57DFCCE71E69DAF8001BEC8E /* MessagesExtension */ = {
			isa = PBXGroup;
			children = (
				57DFCCFB1E69E6D4001BEC8E /* snacks */,
				57DFCCE81E69DAF8001BEC8E /* MessagesViewController.swift */,
				57DFCCF91E69E24C001BEC8E /* AnaSolStickerBrowserViewController.swift */,
				57DFCCEA1E69DAF8001BEC8E /* MainInterface.storyboard */,
				57DFCCED1E69DAF8001BEC8E /* Assets.xcassets */,
				57DFCCEF1E69DAF8001BEC8E /* Info.plist */,
			);
			path = MessagesExtension;
			sourceTree = "<group>";
		};
		57DFCCFB1E69E6D4001BEC8E /* snacks */ = {
			isa = PBXGroup;
			children = (
				57DFCCFC1E69E6F9001BEC8E /* Banana.png */,
				57DFCCFD1E69E6F9001BEC8E /* ChocolateBanana.png */,
				57DFCCFE1E69E6F9001BEC8E /* ChocolateMelon.png */,
				57DFCCFF1E69E6F9001BEC8E /* ChocolatePineapple.png */,
				57DFCD001E69E6F9001BEC8E /* ChocolateStrawberry.png */,
				57DFCD011E69E6F9001BEC8E /* Ginger.png */,
				57DFCD021E69E6F9001BEC8E /* Kiwi.png */,
				57DFCD031E69E6F9001BEC8E /* Lemon.png */,
				57DFCD041E69E6F9001BEC8E /* Melon.png */,
				57DFCD051E69E6F9001BEC8E /* Orange.png */,
				57DFCD061E69E6F9001BEC8E /* Pineapple.png */,
				57DFCD071E69E6F9001BEC8E /* Strawberry.png */,
			);
			name = snacks;
			sourceTree = "<group>";
		};
/* End PBXGroup section */

/* Begin PBXNativeTarget section */
		57DFCCD51E69DAF7001BEC8E /* AnaSolStickerApp */ = {
			isa = PBXNativeTarget;
			buildConfigurationList = 57DFCCF61E69DAF8001BEC8E /* Build configuration list for PBXNativeTarget "AnaSolStickerApp" */;
			buildPhases = (
				57DFCCD41E69DAF7001BEC8E /* Resources */,
				57DFCCF51E69DAF8001BEC8E /* Embed App Extensions */,
			);
			buildRules = (
			);
			dependencies = (
				57DFCCE31E69DAF8001BEC8E /* PBXTargetDependency */,
			);
			name = AnaSolStickerApp;
			productName = AnaSolStickerApp;
			productReference = 57DFCCD61E69DAF7001BEC8E /* AnaSolStickerApp.app */;
			productType = "com.apple.product-type.application.messages";
		};
		57DFCCDF1E69DAF8001BEC8E /* MessagesExtension */ = {
			isa = PBXNativeTarget;
			buildConfigurationList = 57DFCCF21E69DAF8001BEC8E /* Build configuration list for PBXNativeTarget "MessagesExtension" */;
			buildPhases = (
				57DFCCDC1E69DAF8001BEC8E /* Sources */,
				57DFCCDD1E69DAF8001BEC8E /* Frameworks */,
				57DFCCDE1E69DAF8001BEC8E /* Resources */,
			);
			buildRules = (
			);
			dependencies = (
			);
			name = MessagesExtension;
			productName = MessagesExtension;
			productReference = 57DFCCE01E69DAF8001BEC8E /* MessagesExtension.appex */;
			productType = "com.apple.product-type.app-extension.messages";
		};
/* End PBXNativeTarget section */

/* Begin PBXProject section */
		57DFCCD01E69DAF7001BEC8E /* Project object */ = {
			isa = PBXProject;
			attributes = {
				LastSwiftUpdateCheck = 0820;
				LastUpgradeCheck = 0820;
				ORGANIZATIONNAME = "Dan Patey";
				TargetAttributes = {
					57DFCCD51E69DAF7001BEC8E = {
						CreatedOnToolsVersion = 8.2.1;
						DevelopmentTeam = U6J9N2F6E2;
						ProvisioningStyle = Automatic;
					};
					57DFCCDF1E69DAF8001BEC8E = {
						CreatedOnToolsVersion = 8.2.1;
						DevelopmentTeam = U6J9N2F6E2;
						ProvisioningStyle = Automatic;
					};
				};
			};
			buildConfigurationList = 57DFCCD31E69DAF7001BEC8E /* Build configuration list for PBXProject "AnaSolStickerApp" */;
			compatibilityVersion = "Xcode 3.2";
			developmentRegion = English;
			hasScannedForEncodings = 0;
			knownRegions = (
				en,
				Base,
			);
			mainGroup = 57DFCCCF1E69DAF7001BEC8E;
			productRefGroup = 57DFCCD71E69DAF7001BEC8E /* Products */;
			projectDirPath = "";
			projectRoot = "";
			targets = (
				57DFCCD51E69DAF7001BEC8E /* AnaSolStickerApp */,
				57DFCCDF1E69DAF8001BEC8E /* MessagesExtension */,
			);
		};
/* End PBXProject section */

/* Begin PBXResourcesBuildPhase section */
		57DFCCD41E69DAF7001BEC8E /* Resources */ = {
			isa = PBXResourcesBuildPhase;
			buildActionMask = 2147483647;
			files = (
				57DFCCDA1E69DAF7001BEC8E /* Assets.xcassets in Resources */,
			);
			runOnlyForDeploymentPostprocessing = 0;
		};
		57DFCCDE1E69DAF8001BEC8E /* Resources */ = {
			isa = PBXResourcesBuildPhase;
			buildActionMask = 2147483647;
			files = (
				57DFCD0E1E69E6F9001BEC8E /* Kiwi.png in Resources */,
				57DFCD0A1E69E6F9001BEC8E /* ChocolateMelon.png in Resources */,
				57DFCD0D1E69E6F9001BEC8E /* Ginger.png in Resources */,
				57DFCCEE1E69DAF8001BEC8E /* Assets.xcassets in Resources */,
				57DFCD091E69E6F9001BEC8E /* ChocolateBanana.png in Resources */,
				57DFCD111E69E6F9001BEC8E /* Orange.png in Resources */,
				57DFCD0B1E69E6F9001BEC8E /* ChocolatePineapple.png in Resources */,
				57DFCCEC1E69DAF8001BEC8E /* MainInterface.storyboard in Resources */,
				57DFCD131E69E6F9001BEC8E /* Strawberry.png in Resources */,
				57DFCD0C1E69E6F9001BEC8E /* ChocolateStrawberry.png in Resources */,
				57DFCD121E69E6F9001BEC8E /* Pineapple.png in Resources */,
				57DFCD101E69E6F9001BEC8E /* Melon.png in Resources */,
				57DFCD081E69E6F9001BEC8E /* Banana.png in Resources */,
				57DFCD0F1E69E6F9001BEC8E /* Lemon.png in Resources */,
			);
			runOnlyForDeploymentPostprocessing = 0;
		};
/* End PBXResourcesBuildPhase section */

/* Begin PBXSourcesBuildPhase section */
		57DFCCDC1E69DAF8001BEC8E /* Sources */ = {
			isa = PBXSourcesBuildPhase;
			buildActionMask = 2147483647;
			files = (
				57DFCCE91E69DAF8001BEC8E /* MessagesViewController.swift in Sources */,
				57DFCCFA1E69E24C001BEC8E /* AnaSolStickerBrowserViewController.swift in Sources */,
			);
			runOnlyForDeploymentPostprocessing = 0;
		};
/* End PBXSourcesBuildPhase section */

/* Begin PBXTargetDependency section */
		57DFCCE31E69DAF8001BEC8E /* PBXTargetDependency */ = {
			isa = PBXTargetDependency;
			target = 57DFCCDF1E69DAF8001BEC8E /* MessagesExtension */;
			targetProxy = 57DFCCE21E69DAF8001BEC8E /* PBXContainerItemProxy */;
		};
/* End PBXTargetDependency section */

/* Begin PBXVariantGroup section */
		57DFCCEA1E69DAF8001BEC8E /* MainInterface.storyboard */ = {
			isa = PBXVariantGroup;
			children = (
				57DFCCEB1E69DAF8001BEC8E /* Base */,
			);
			name = MainInterface.storyboard;
			sourceTree = "<group>";
		};
/* End PBXVariantGroup section */

/* Begin XCBuildConfiguration section */
		57DFCCF01E69DAF8001BEC8E /* Debug */ = {
			isa = XCBuildConfiguration;
			buildSettings = {
				ALWAYS_SEARCH_USER_PATHS = NO;
				CLANG_ANALYZER_NONNULL = YES;
				CLANG_CXX_LANGUAGE_STANDARD = "gnu++0x";
				CLANG_CXX_LIBRARY = "libc++";
				CLANG_ENABLE_MODULES = YES;
				CLANG_ENABLE_OBJC_ARC = YES;
				CLANG_WARN_BOOL_CONVERSION = YES;
				CLANG_WARN_CONSTANT_CONVERSION = YES;
				CLANG_WARN_DIRECT_OBJC_ISA_USAGE = YES_ERROR;
				CLANG_WARN_DOCUMENTATION_COMMENTS = YES;
				CLANG_WARN_EMPTY_BODY = YES;
				CLANG_WARN_ENUM_CONVERSION = YES;
				CLANG_WARN_INFINITE_RECURSION = YES;
				CLANG_WARN_INT_CONVERSION = YES;
				CLANG_WARN_OBJC_ROOT_CLASS = YES_ERROR;
				CLANG_WARN_SUSPICIOUS_MOVE = YES;
				CLANG_WARN_UNREACHABLE_CODE = YES;
				CLANG_WARN__DUPLICATE_METHOD_MATCH = YES;
				"CODE_SIGN_IDENTITY[sdk=iphoneos*]" = "iPhone Developer";
				COPY_PHASE_STRIP = NO;
				DEBUG_INFORMATION_FORMAT = dwarf;
				ENABLE_STRICT_OBJC_MSGSEND = YES;
				ENABLE_TESTABILITY = YES;
				GCC_C_LANGUAGE_STANDARD = gnu99;
				GCC_DYNAMIC_NO_PIC = NO;
				GCC_NO_COMMON_BLOCKS = YES;
				GCC_OPTIMIZATION_LEVEL = 0;
				GCC_PREPROCESSOR_DEFINITIONS = (
					"DEBUG=1",
					"$(inherited)",
				);
				GCC_WARN_64_TO_32_BIT_CONVERSION = YES;
				GCC_WARN_ABOUT_RETURN_TYPE = YES_ERROR;
				GCC_WARN_UNDECLARED_SELECTOR = YES;
				GCC_WARN_UNINITIALIZED_AUTOS = YES_AGGRESSIVE;
				GCC_WARN_UNUSED_FUNCTION = YES;
				GCC_WARN_UNUSED_VARIABLE = YES;
				IPHONEOS_DEPLOYMENT_TARGET = 10.2;
				MTL_ENABLE_DEBUG_INFO = YES;
				ONLY_ACTIVE_ARCH = YES;
				SDKROOT = iphoneos;
				SWIFT_ACTIVE_COMPILATION_CONDITIONS = DEBUG;
				SWIFT_OPTIMIZATION_LEVEL = "-Onone";
				TARGETED_DEVICE_FAMILY = "1,2";
			};
			name = Debug;
		};
		57DFCCF11E69DAF8001BEC8E /* Release */ = {
			isa = XCBuildConfiguration;
			buildSettings = {
				ALWAYS_SEARCH_USER_PATHS = NO;
				CLANG_ANALYZER_NONNULL = YES;
				CLANG_CXX_LANGUAGE_STANDARD = "gnu++0x";
				CLANG_CXX_LIBRARY = "libc++";
				CLANG_ENABLE_MODULES = YES;
				CLANG_ENABLE_OBJC_ARC = YES;
				CLANG_WARN_BOOL_CONVERSION = YES;
				CLANG_WARN_CONSTANT_CONVERSION = YES;
				CLANG_WARN_DIRECT_OBJC_ISA_USAGE = YES_ERROR;
				CLANG_WARN_DOCUMENTATION_COMMENTS = YES;
				CLANG_WARN_EMPTY_BODY = YES;
				CLANG_WARN_ENUM_CONVERSION = YES;
				CLANG_WARN_INFINITE_RECURSION = YES;
				CLANG_WARN_INT_CONVERSION = YES;
				CLANG_WARN_OBJC_ROOT_CLASS = YES_ERROR;
				CLANG_WARN_SUSPICIOUS_MOVE = YES;
				CLANG_WARN_UNREACHABLE_CODE = YES;
				CLANG_WARN__DUPLICATE_METHOD_MATCH = YES;
				"CODE_SIGN_IDENTITY[sdk=iphoneos*]" = "iPhone Developer";
				COPY_PHASE_STRIP = NO;
				DEBUG_INFORMATION_FORMAT = "dwarf-with-dsym";
				ENABLE_NS_ASSERTIONS = NO;
				ENABLE_STRICT_OBJC_MSGSEND = YES;
				GCC_C_LANGUAGE_STANDARD = gnu99;
				GCC_NO_COMMON_BLOCKS = YES;
				GCC_WARN_64_TO_32_BIT_CONVERSION = YES;
				GCC_WARN_ABOUT_RETURN_TYPE = YES_ERROR;
				GCC_WARN_UNDECLARED_SELECTOR = YES;
				GCC_WARN_UNINITIALIZED_AUTOS = YES_AGGRESSIVE;
				GCC_WARN_UNUSED_FUNCTION = YES;
				GCC_WARN_UNUSED_VARIABLE = YES;
				IPHONEOS_DEPLOYMENT_TARGET = 10.2;
				MTL_ENABLE_DEBUG_INFO = NO;
				SDKROOT = iphoneos;
				SWIFT_OPTIMIZATION_LEVEL = "-Owholemodule";
				TARGETED_DEVICE_FAMILY = "1,2";
				VALIDATE_PRODUCT = YES;
			};
			name = Release;
		};
		57DFCCF31E69DAF8001BEC8E /* Debug */ = {
			isa = XCBuildConfiguration;
			buildSettings = {
				ASSETCATALOG_COMPILER_APPICON_NAME = "iMessage App Icon";
				DEVELOPMENT_TEAM = U6J9N2F6E2;
				INFOPLIST_FILE = MessagesExtension/Info.plist;
				LD_RUNPATH_SEARCH_PATHS = "$(inherited) @executable_path/Frameworks @executable_path/../../Frameworks";
				PRODUCT_BUNDLE_IDENTIFIER = DanPatey.AnaSolStickerApp.MessagesExtension;
				PRODUCT_NAME = "$(TARGET_NAME)";
				SKIP_INSTALL = YES;
				SWIFT_VERSION = 3.0;
			};
			name = Debug;
		};
		57DFCCF41E69DAF8001BEC8E /* Release */ = {
			isa = XCBuildConfiguration;
			buildSettings = {
				ASSETCATALOG_COMPILER_APPICON_NAME = "iMessage App Icon";
				DEVELOPMENT_TEAM = U6J9N2F6E2;
				INFOPLIST_FILE = MessagesExtension/Info.plist;
				LD_RUNPATH_SEARCH_PATHS = "$(inherited) @executable_path/Frameworks @executable_path/../../Frameworks";
				PRODUCT_BUNDLE_IDENTIFIER = DanPatey.AnaSolStickerApp.MessagesExtension;
				PRODUCT_NAME = "$(TARGET_NAME)";
				SKIP_INSTALL = YES;
				SWIFT_VERSION = 3.0;
			};
			name = Release;
		};
		57DFCCF71E69DAF8001BEC8E /* Debug */ = {
			isa = XCBuildConfiguration;
			buildSettings = {
				ALWAYS_EMBED_SWIFT_STANDARD_LIBRARIES = YES;
				ASSETCATALOG_COMPILER_APPICON_NAME = AppIcon;
				DEVELOPMENT_TEAM = U6J9N2F6E2;
				INFOPLIST_FILE = AnaSolStickerApp/Info.plist;
				PRODUCT_BUNDLE_IDENTIFIER = DanPatey.AnaSolStickerApp;
				PRODUCT_NAME = "$(TARGET_NAME)";
				SWIFT_VERSION = 3.0;
			};
			name = Debug;
		};
		57DFCCF81E69DAF8001BEC8E /* Release */ = {
			isa = XCBuildConfiguration;
			buildSettings = {
				ALWAYS_EMBED_SWIFT_STANDARD_LIBRARIES = YES;
				ASSETCATALOG_COMPILER_APPICON_NAME = AppIcon;
				DEVELOPMENT_TEAM = U6J9N2F6E2;
				INFOPLIST_FILE = AnaSolStickerApp/Info.plist;
				PRODUCT_BUNDLE_IDENTIFIER = DanPatey.AnaSolStickerApp;
				PRODUCT_NAME = "$(TARGET_NAME)";
				SWIFT_VERSION = 3.0;
			};
			name = Release;
		};
/* End XCBuildConfiguration section */

/* Begin XCConfigurationList section */
		57DFCCD31E69DAF7001BEC8E /* Build configuration list for PBXProject "AnaSolStickerApp" */ = {
			isa = XCConfigurationList;
			buildConfigurations = (
				57DFCCF01E69DAF8001BEC8E /* Debug */,
				57DFCCF11E69DAF8001BEC8E /* Release */,
			);
			defaultConfigurationIsVisible = 0;
			defaultConfigurationName = Release;
		};
		57DFCCF21E69DAF8001BEC8E /* Build configuration list for PBXNativeTarget "MessagesExtension" */ = {
			isa = XCConfigurationList;
			buildConfigurations = (
				57DFCCF31E69DAF8001BEC8E /* Debug */,
				57DFCCF41E69DAF8001BEC8E /* Release */,
			);
			defaultConfigurationIsVisible = 0;
		};
		57DFCCF61E69DAF8001BEC8E /* Build configuration list for PBXNativeTarget "AnaSolStickerApp" */ = {
			isa = XCConfigurationList;
			buildConfigurations = (
				57DFCCF71E69DAF8001BEC8E /* Debug */,
				57DFCCF81E69DAF8001BEC8E /* Release */,
			);
			defaultConfigurationIsVisible = 0;
		};
/* End XCConfigurationList section */
	};
	rootObject = 57DFCCD01E69DAF7001BEC8E /* Project object */;
}
